// !$*UTF8*$!
{
	archiveVersion = 1;
	classes = {
	};
	objectVersion = 56;
	objects = {

/* Begin PBXBuildFile section */
		A23027F82B5A998A002AEDE4 /* Game.swift in Sources */ = {isa = PBXBuildFile; fileRef = A23027F72B5A998A002AEDE4 /* Game.swift */; };
		A23028092B5ABBB9002AEDE4 /* LootDetailView.swift in Sources */ = {isa = PBXBuildFile; fileRef = A23028082B5ABBB9002AEDE4 /* LootDetailView.swift */; };
		A23063092B5FCA6C00B95F20 /* LootRow.swift in Sources */ = {isa = PBXBuildFile; fileRef = A23063082B5FCA6C00B95F20 /* LootRow.swift */; };
		A230630B2B5FCB8300B95F20 /* LootDetailsContent.swift in Sources */ = {isa = PBXBuildFile; fileRef = A230630A2B5FCB8300B95F20 /* LootDetailsContent.swift */; };
		A230630D2B5FCC0600B95F20 /* LootDetailHeader.swift in Sources */ = {isa = PBXBuildFile; fileRef = A230630C2B5FCC0600B95F20 /* LootDetailHeader.swift */; };
		A230630F2B5FCE7100B95F20 /* LootGames.swift in Sources */ = {isa = PBXBuildFile; fileRef = A230630E2B5FCE7100B95F20 /* LootGames.swift */; };
		A28C306F2B615FE6003F732D /* OnBoarding.swift in Sources */ = {isa = PBXBuildFile; fileRef = A28C306E2B615FE6003F732D /* OnBoarding.swift */; };
		A28C30712B6160E6003F732D /* OnBoardingPage.swift in Sources */ = {isa = PBXBuildFile; fileRef = A28C30702B6160E6003F732D /* OnBoardingPage.swift */; };
		A28C30732B6163A8003F732D /* icons8-inventory-96.png in Resources */ = {isa = PBXBuildFile; fileRef = A28C30722B6163A8003F732D /* icons8-inventory-96.png */; };
		A2CB6EC02B5A78AD00A44004 /* LootAppApp.swift in Sources */ = {isa = PBXBuildFile; fileRef = A2CB6EBF2B5A78AD00A44004 /* LootAppApp.swift */; };
		A2CB6EC22B5A78AD00A44004 /* ContentView.swift in Sources */ = {isa = PBXBuildFile; fileRef = A2CB6EC12B5A78AD00A44004 /* ContentView.swift */; };
		A2CB6EC42B5A78AE00A44004 /* Assets.xcassets in Resources */ = {isa = PBXBuildFile; fileRef = A2CB6EC32B5A78AE00A44004 /* Assets.xcassets */; };
		A2CB6EC72B5A78AE00A44004 /* Preview Assets.xcassets in Resources */ = {isa = PBXBuildFile; fileRef = A2CB6EC62B5A78AE00A44004 /* Preview Assets.xcassets */; };
		A2CB6ECE2B5A7FC100A44004 /* AddItemView.swift in Sources */ = {isa = PBXBuildFile; fileRef = A2CB6ECD2B5A7FC100A44004 /* AddItemView.swift */; };
		A2CB6ED02B5A8BCA00A44004 /* LootItem.swift in Sources */ = {isa = PBXBuildFile; fileRef = A2CB6ECF2B5A8BCA00A44004 /* LootItem.swift */; };
/* End PBXBuildFile section */

/* Begin PBXFileReference section */
		A23027F72B5A998A002AEDE4 /* Game.swift */ = {isa = PBXFileReference; lastKnownFileType = sourcecode.swift; path = Game.swift; sourceTree = "<group>"; };
		A23028082B5ABBB9002AEDE4 /* LootDetailView.swift */ = {isa = PBXFileReference; lastKnownFileType = sourcecode.swift; path = LootDetailView.swift; sourceTree = "<group>"; };
		A23063082B5FCA6C00B95F20 /* LootRow.swift */ = {isa = PBXFileReference; lastKnownFileType = sourcecode.swift; path = LootRow.swift; sourceTree = "<group>"; };
		A230630A2B5FCB8300B95F20 /* LootDetailsContent.swift */ = {isa = PBXFileReference; lastKnownFileType = sourcecode.swift; path = LootDetailsContent.swift; sourceTree = "<group>"; };
		A230630C2B5FCC0600B95F20 /* LootDetailHeader.swift */ = {isa = PBXFileReference; lastKnownFileType = sourcecode.swift; path = LootDetailHeader.swift; sourceTree = "<group>"; };
		A230630E2B5FCE7100B95F20 /* LootGames.swift */ = {isa = PBXFileReference; lastKnownFileType = sourcecode.swift; path = LootGames.swift; sourceTree = "<group>"; };
		A28C306E2B615FE6003F732D /* OnBoarding.swift */ = {isa = PBXFileReference; lastKnownFileType = sourcecode.swift; path = OnBoarding.swift; sourceTree = "<group>"; };
		A28C30702B6160E6003F732D /* OnBoardingPage.swift */ = {isa = PBXFileReference; lastKnownFileType = sourcecode.swift; path = OnBoardingPage.swift; sourceTree = "<group>"; };
		A28C30722B6163A8003F732D /* icons8-inventory-96.png */ = {isa = PBXFileReference; lastKnownFileType = image.png; path = "icons8-inventory-96.png"; sourceTree = "<group>"; };
		A2CB6EBC2B5A78AD00A44004 /* LootApp.app */ = {isa = PBXFileReference; explicitFileType = wrapper.application; includeInIndex = 0; path = LootApp.app; sourceTree = BUILT_PRODUCTS_DIR; };
		A2CB6EBF2B5A78AD00A44004 /* LootAppApp.swift */ = {isa = PBXFileReference; lastKnownFileType = sourcecode.swift; path = LootAppApp.swift; sourceTree = "<group>"; };
		A2CB6EC12B5A78AD00A44004 /* ContentView.swift */ = {isa = PBXFileReference; lastKnownFileType = sourcecode.swift; path = ContentView.swift; sourceTree = "<group>"; };
		A2CB6EC32B5A78AE00A44004 /* Assets.xcassets */ = {isa = PBXFileReference; lastKnownFileType = folder.assetcatalog; path = Assets.xcassets; sourceTree = "<group>"; };
		A2CB6EC62B5A78AE00A44004 /* Preview Assets.xcassets */ = {isa = PBXFileReference; lastKnownFileType = folder.assetcatalog; path = "Preview Assets.xcassets"; sourceTree = "<group>"; };
		A2CB6ECD2B5A7FC100A44004 /* AddItemView.swift */ = {isa = PBXFileReference; lastKnownFileType = sourcecode.swift; path = AddItemView.swift; sourceTree = "<group>"; };
		A2CB6ECF2B5A8BCA00A44004 /* LootItem.swift */ = {isa = PBXFileReference; lastKnownFileType = sourcecode.swift; path = LootItem.swift; sourceTree = "<group>"; };
/* End PBXFileReference section */

/* Begin PBXFrameworksBuildPhase section */
		A2CB6EB92B5A78AD00A44004 /* Frameworks */ = {
			isa = PBXFrameworksBuildPhase;
			buildActionMask = 2147483647;
			files = (
			);
			runOnlyForDeploymentPostprocessing = 0;
		};
/* End PBXFrameworksBuildPhase section */

/* Begin PBXGroup section */
		A23027F92B5AA144002AEDE4 /* Covers */ = {
			isa = PBXGroup;
			children = (
				A28C30722B6163A8003F732D /* icons8-inventory-96.png */,
			);
			path = Covers;
			sourceTree = "<group>";
		};
		A2CB6EB32B5A78AD00A44004 = {
			isa = PBXGroup;
			children = (
				A2CB6EBE2B5A78AD00A44004 /* LootApp */,
				A2CB6EBD2B5A78AD00A44004 /* Products */,
			);
			sourceTree = "<group>";
		};
		A2CB6EBD2B5A78AD00A44004 /* Products */ = {
			isa = PBXGroup;
			children = (
				A2CB6EBC2B5A78AD00A44004 /* LootApp.app */,
			);
			name = Products;
			sourceTree = "<group>";
		};
		A2CB6EBE2B5A78AD00A44004 /* LootApp */ = {
			isa = PBXGroup;
			children = (
				A23027F92B5AA144002AEDE4 /* Covers */,
				A2CB6EBF2B5A78AD00A44004 /* LootAppApp.swift */,
				A2CB6EC12B5A78AD00A44004 /* ContentView.swift */,
				A2CB6ECF2B5A8BCA00A44004 /* LootItem.swift */,
				A2CB6EC32B5A78AE00A44004 /* Assets.xcassets */,
				A2CB6EC52B5A78AE00A44004 /* Preview Content */,
				A2CB6ECD2B5A7FC100A44004 /* AddItemView.swift */,
				A23027F72B5A998A002AEDE4 /* Game.swift */,
				A23028082B5ABBB9002AEDE4 /* LootDetailView.swift */,
				A230630C2B5FCC0600B95F20 /* LootDetailHeader.swift */,
				A230630A2B5FCB8300B95F20 /* LootDetailsContent.swift */,
				A230630E2B5FCE7100B95F20 /* LootGames.swift */,
				A23063082B5FCA6C00B95F20 /* LootRow.swift */,
				A28C306E2B615FE6003F732D /* OnBoarding.swift */,
				A28C30702B6160E6003F732D /* OnBoardingPage.swift */,
			);
			path = LootApp;
			sourceTree = "<group>";
		};
		A2CB6EC52B5A78AE00A44004 /* Preview Content */ = {
			isa = PBXGroup;
			children = (
				A2CB6EC62B5A78AE00A44004 /* Preview Assets.xcassets */,
			);
			path = "Preview Content";
			sourceTree = "<group>";
		};
/* End PBXGroup section */

/* Begin PBXNativeTarget section */
		A2CB6EBB2B5A78AD00A44004 /* LootApp */ = {
			isa = PBXNativeTarget;
			buildConfigurationList = A2CB6ECA2B5A78AE00A44004 /* Build configuration list for PBXNativeTarget "LootApp" */;
			buildPhases = (
				A2CB6EB82B5A78AD00A44004 /* Sources */,
				A2CB6EB92B5A78AD00A44004 /* Frameworks */,
				A2CB6EBA2B5A78AD00A44004 /* Resources */,
			);
			buildRules = (
			);
			dependencies = (
			);
			name = LootApp;
			productName = LootApp;
			productReference = A2CB6EBC2B5A78AD00A44004 /* LootApp.app */;
			productType = "com.apple.product-type.application";
		};
/* End PBXNativeTarget section */

/* Begin PBXProject section */
		A2CB6EB42B5A78AD00A44004 /* Project object */ = {
			isa = PBXProject;
			attributes = {
				BuildIndependentTargetsInParallel = 1;
				LastSwiftUpdateCheck = 1500;
				LastUpgradeCheck = 1500;
				TargetAttributes = {
					A2CB6EBB2B5A78AD00A44004 = {
						CreatedOnToolsVersion = 15.0.1;
					};
				};
			};
			buildConfigurationList = A2CB6EB72B5A78AD00A44004 /* Build configuration list for PBXProject "LootApp" */;
			compatibilityVersion = "Xcode 14.0";
			developmentRegion = en;
			hasScannedForEncodings = 0;
			knownRegions = (
				en,
				Base,
			);
			mainGroup = A2CB6EB32B5A78AD00A44004;
			productRefGroup = A2CB6EBD2B5A78AD00A44004 /* Products */;
			projectDirPath = "";
			projectRoot = "";
			targets = (
				A2CB6EBB2B5A78AD00A44004 /* LootApp */,
			);
		};
/* End PBXProject section */

/* Begin PBXResourcesBuildPhase section */
		A2CB6EBA2B5A78AD00A44004 /* Resources */ = {
			isa = PBXResourcesBuildPhase;
			buildActionMask = 2147483647;
			files = (
				A2CB6EC72B5A78AE00A44004 /* Preview Assets.xcassets in Resources */,
				A28C30732B6163A8003F732D /* icons8-inventory-96.png in Resources */,
				A2CB6EC42B5A78AE00A44004 /* Assets.xcassets in Resources */,
			);
			runOnlyForDeploymentPostprocessing = 0;
		};
/* End PBXResourcesBuildPhase section */

/* Begin PBXSourcesBuildPhase section */
		A2CB6EB82B5A78AD00A44004 /* Sources */ = {
			isa = PBXSourcesBuildPhase;
			buildActionMask = 2147483647;
			files = (
				A2CB6EC22B5A78AD00A44004 /* ContentView.swift in Sources */,
				A23063092B5FCA6C00B95F20 /* LootRow.swift in Sources */,
				A230630B2B5FCB8300B95F20 /* LootDetailsContent.swift in Sources */,
				A23027F82B5A998A002AEDE4 /* Game.swift in Sources */,
				A2CB6ECE2B5A7FC100A44004 /* AddItemView.swift in Sources */,
				A230630D2B5FCC0600B95F20 /* LootDetailHeader.swift in Sources */,
				A23028092B5ABBB9002AEDE4 /* LootDetailView.swift in Sources */,
				A28C30712B6160E6003F732D /* OnBoardingPage.swift in Sources */,
				A230630F2B5FCE7100B95F20 /* LootGames.swift in Sources */,
				A2CB6ED02B5A8BCA00A44004 /* LootItem.swift in Sources */,
				A2CB6EC02B5A78AD00A44004 /* LootAppApp.swift in Sources */,
				A28C306F2B615FE6003F732D /* OnBoarding.swift in Sources */,
			);
			runOnlyForDeploymentPostprocessing = 0;
		};
/* End PBXSourcesBuildPhase section */

/* Begin XCBuildConfiguration section */
		A2CB6EC82B5A78AE00A44004 /* Debug */ = {
			isa = XCBuildConfiguration;
			buildSettings = {
				ALWAYS_SEARCH_USER_PATHS = NO;
				ASSETCATALOG_COMPILER_GENERATE_SWIFT_ASSET_SYMBOL_EXTENSIONS = YES;
				CLANG_ANALYZER_NONNULL = YES;
				CLANG_ANALYZER_NUMBER_OBJECT_CONVERSION = YES_AGGRESSIVE;
				CLANG_CXX_LANGUAGE_STANDARD = "gnu++20";
				CLANG_ENABLE_MODULES = YES;
				CLANG_ENABLE_OBJC_ARC = YES;
				CLANG_ENABLE_OBJC_WEAK = YES;
				CLANG_WARN_BLOCK_CAPTURE_AUTORELEASING = YES;
				CLANG_WARN_BOOL_CONVERSION = YES;
				CLANG_WARN_COMMA = YES;
				CLANG_WARN_CONSTANT_CONVERSION = YES;
				CLANG_WARN_DEPRECATED_OBJC_IMPLEMENTATIONS = YES;
				CLANG_WARN_DIRECT_OBJC_ISA_USAGE = YES_ERROR;
				CLANG_WARN_DOCUMENTATION_COMMENTS = YES;
				CLANG_WARN_EMPTY_BODY = YES;
				CLANG_WARN_ENUM_CONVERSION = YES;
				CLANG_WARN_INFINITE_RECURSION = YES;
				CLANG_WARN_INT_CONVERSION = YES;
				CLANG_WARN_NON_LITERAL_NULL_CONVERSION = YES;
				CLANG_WARN_OBJC_IMPLICIT_RETAIN_SELF = YES;
				CLANG_WARN_OBJC_LITERAL_CONVERSION = YES;
				CLANG_WARN_OBJC_ROOT_CLASS = YES_ERROR;
				CLANG_WARN_QUOTED_INCLUDE_IN_FRAMEWORK_HEADER = YES;
				CLANG_WARN_RANGE_LOOP_ANALYSIS = YES;
				CLANG_WARN_STRICT_PROTOTYPES = YES;
				CLANG_WARN_SUSPICIOUS_MOVE = YES;
				CLANG_WARN_UNGUARDED_AVAILABILITY = YES_AGGRESSIVE;
				CLANG_WARN_UNREACHABLE_CODE = YES;
				CLANG_WARN__DUPLICATE_METHOD_MATCH = YES;
				COPY_PHASE_STRIP = NO;
				DEBUG_INFORMATION_FORMAT = dwarf;
				ENABLE_STRICT_OBJC_MSGSEND = YES;
				ENABLE_TESTABILITY = YES;
				ENABLE_USER_SCRIPT_SANDBOXING = YES;
				GCC_C_LANGUAGE_STANDARD = gnu17;
				GCC_DYNAMIC_NO_PIC = NO;
				GCC_NO_COMMON_BLOCKS = YES;
				GCC_OPTIMIZATION_LEVEL = 0;
				GCC_PREPROCESSOR_DEFINITIONS = (
					"DEBUG=1",
					"$(inherited)",
				);
				GCC_WARN_64_TO_32_BIT_CONVERSION = YES;
				GCC_WARN_ABOUT_RETURN_TYPE = YES_ERROR;
				GCC_WARN_UNDECLARED_SELECTOR = YES;
				GCC_WARN_UNINITIALIZED_AUTOS = YES_AGGRESSIVE;
				GCC_WARN_UNUSED_FUNCTION = YES;
				GCC_WARN_UNUSED_VARIABLE = YES;
				IPHONEOS_DEPLOYMENT_TARGET = 17.0;
				LOCALIZATION_PREFERS_STRING_CATALOGS = YES;
				MTL_ENABLE_DEBUG_INFO = INCLUDE_SOURCE;
				MTL_FAST_MATH = YES;
				ONLY_ACTIVE_ARCH = YES;
				SDKROOT = iphoneos;
				SWIFT_ACTIVE_COMPILATION_CONDITIONS = "DEBUG $(inherited)";
				SWIFT_OPTIMIZATION_LEVEL = "-Onone";
			};
			name = Debug;
		};
		A2CB6EC92B5A78AE00A44004 /* Release */ = {
			isa = XCBuildConfiguration;
			buildSettings = {
				ALWAYS_SEARCH_USER_PATHS = NO;
				ASSETCATALOG_COMPILER_GENERATE_SWIFT_ASSET_SYMBOL_EXTENSIONS = YES;
				CLANG_ANALYZER_NONNULL = YES;
				CLANG_ANALYZER_NUMBER_OBJECT_CONVERSION = YES_AGGRESSIVE;
				CLANG_CXX_LANGUAGE_STANDARD = "gnu++20";
				CLANG_ENABLE_MODULES = YES;
				CLANG_ENABLE_OBJC_ARC = YES;
				CLANG_ENABLE_OBJC_WEAK = YES;
				CLANG_WARN_BLOCK_CAPTURE_AUTORELEASING = YES;
				CLANG_WARN_BOOL_CONVERSION = YES;
				CLANG_WARN_COMMA = YES;
				CLANG_WARN_CONSTANT_CONVERSION = YES;
				CLANG_WARN_DEPRECATED_OBJC_IMPLEMENTATIONS = YES;
				CLANG_WARN_DIRECT_OBJC_ISA_USAGE = YES_ERROR;
				CLANG_WARN_DOCUMENTATION_COMMENTS = YES;
				CLANG_WARN_EMPTY_BODY = YES;
				CLANG_WARN_ENUM_CONVERSION = YES;
				CLANG_WARN_INFINITE_RECURSION = YES;
				CLANG_WARN_INT_CONVERSION = YES;
				CLANG_WARN_NON_LITERAL_NULL_CONVERSION = YES;
				CLANG_WARN_OBJC_IMPLICIT_RETAIN_SELF = YES;
				CLANG_WARN_OBJC_LITERAL_CONVERSION = YES;
				CLANG_WARN_OBJC_ROOT_CLASS = YES_ERROR;
				CLANG_WARN_QUOTED_INCLUDE_IN_FRAMEWORK_HEADER = YES;
				CLANG_WARN_RANGE_LOOP_ANALYSIS = YES;
				CLANG_WARN_STRICT_PROTOTYPES = YES;
				CLANG_WARN_SUSPICIOUS_MOVE = YES;
				CLANG_WARN_UNGUARDED_AVAILABILITY = YES_AGGRESSIVE;
				CLANG_WARN_UNREACHABLE_CODE = YES;
				CLANG_WARN__DUPLICATE_METHOD_MATCH = YES;
				COPY_PHASE_STRIP = NO;
				DEBUG_INFORMATION_FORMAT = "dwarf-with-dsym";
				ENABLE_NS_ASSERTIONS = NO;
				ENABLE_STRICT_OBJC_MSGSEND = YES;
				ENABLE_USER_SCRIPT_SANDBOXING = YES;
				GCC_C_LANGUAGE_STANDARD = gnu17;
				GCC_NO_COMMON_BLOCKS = YES;
				GCC_WARN_64_TO_32_BIT_CONVERSION = YES;
				GCC_WARN_ABOUT_RETURN_TYPE = YES_ERROR;
				GCC_WARN_UNDECLARED_SELECTOR = YES;
				GCC_WARN_UNINITIALIZED_AUTOS = YES_AGGRESSIVE;
				GCC_WARN_UNUSED_FUNCTION = YES;
				GCC_WARN_UNUSED_VARIABLE = YES;
				IPHONEOS_DEPLOYMENT_TARGET = 17.0;
				LOCALIZATION_PREFERS_STRING_CATALOGS = YES;
				MTL_ENABLE_DEBUG_INFO = NO;
				MTL_FAST_MATH = YES;
				SDKROOT = iphoneos;
				SWIFT_COMPILATION_MODE = wholemodule;
				VALIDATE_PRODUCT = YES;
			};
			name = Release;
		};
		A2CB6ECB2B5A78AE00A44004 /* Debug */ = {
			isa = XCBuildConfiguration;
			buildSettings = {
				ASSETCATALOG_COMPILER_APPICON_NAME = AppIcon;
				ASSETCATALOG_COMPILER_GLOBAL_ACCENT_COLOR_NAME = AccentColor;
				CODE_SIGN_STYLE = Automatic;
				CURRENT_PROJECT_VERSION = 1;
				DEVELOPMENT_ASSET_PATHS = "\"LootApp/Preview Content\"";
				ENABLE_PREVIEWS = YES;
				GENERATE_INFOPLIST_FILE = YES;
				INFOPLIST_KEY_UIApplicationSceneManifest_Generation = YES;
				INFOPLIST_KEY_UIApplicationSupportsIndirectInputEvents = YES;
				INFOPLIST_KEY_UILaunchScreen_Generation = YES;
				INFOPLIST_KEY_UISupportedInterfaceOrientations_iPad = "UIInterfaceOrientationPortrait UIInterfaceOrientationPortraitUpsideDown UIInterfaceOrientationLandscapeLeft UIInterfaceOrientationLandscapeRight";
				INFOPLIST_KEY_UISupportedInterfaceOrientations_iPhone = "UIInterfaceOrientationPortrait UIInterfaceOrientationLandscapeLeft UIInterfaceOrientationLandscapeRight";
				LD_RUNPATH_SEARCH_PATHS = (
					"$(inherited)",
					"@executable_path/Frameworks",
				);
				MARKETING_VERSION = 1.0;
				PRODUCT_BUNDLE_IDENTIFIER = iut.LootApp;
				PRODUCT_NAME = "$(TARGET_NAME)";
				SWIFT_EMIT_LOC_STRINGS = YES;
				SWIFT_VERSION = 5.0;
				TARGETED_DEVICE_FAMILY = "1,2";
			};
			name = Debug;
		};
		A2CB6ECC2B5A78AE00A44004 /* Release */ = {
			isa = XCBuildConfiguration;
			buildSettings = {
				ASSETCATALOG_COMPILER_APPICON_NAME = AppIcon;
				ASSETCATALOG_COMPILER_GLOBAL_ACCENT_COLOR_NAME = AccentColor;
				CODE_SIGN_STYLE = Automatic;
				CURRENT_PROJECT_VERSION = 1;
				DEVELOPMENT_ASSET_PATHS = "\"LootApp/Preview Content\"";
				ENABLE_PREVIEWS = YES;
				GENERATE_INFOPLIST_FILE = YES;
				INFOPLIST_KEY_UIApplicationSceneManifest_Generation = YES;
				INFOPLIST_KEY_UIApplicationSupportsIndirectInputEvents = YES;
				INFOPLIST_KEY_UILaunchScreen_Generation = YES;
				INFOPLIST_KEY_UISupportedInterfaceOrientations_iPad = "UIInterfaceOrientationPortrait UIInterfaceOrientationPortraitUpsideDown UIInterfaceOrientationLandscapeLeft UIInterfaceOrientationLandscapeRight";
				INFOPLIST_KEY_UISupportedInterfaceOrientations_iPhone = "UIInterfaceOrientationPortrait UIInterfaceOrientationLandscapeLeft UIInterfaceOrientationLandscapeRight";
				LD_RUNPATH_SEARCH_PATHS = (
					"$(inherited)",
					"@executable_path/Frameworks",
				);
				MARKETING_VERSION = 1.0;
				PRODUCT_BUNDLE_IDENTIFIER = iut.LootApp;
				PRODUCT_NAME = "$(TARGET_NAME)";
				SWIFT_EMIT_LOC_STRINGS = YES;
				SWIFT_VERSION = 5.0;
				TARGETED_DEVICE_FAMILY = "1,2";
			};
			name = Release;
		};
/* End XCBuildConfiguration section */

/* Begin XCConfigurationList section */
		A2CB6EB72B5A78AD00A44004 /* Build configuration list for PBXProject "LootApp" */ = {
			isa = XCConfigurationList;
			buildConfigurations = (
				A2CB6EC82B5A78AE00A44004 /* Debug */,
				A2CB6EC92B5A78AE00A44004 /* Release */,
			);
			defaultConfigurationIsVisible = 0;
			defaultConfigurationName = Release;
		};
		A2CB6ECA2B5A78AE00A44004 /* Build configuration list for PBXNativeTarget "LootApp" */ = {
			isa = XCConfigurationList;
			buildConfigurations = (
				A2CB6ECB2B5A78AE00A44004 /* Debug */,
				A2CB6ECC2B5A78AE00A44004 /* Release */,
			);
			defaultConfigurationIsVisible = 0;
			defaultConfigurationName = Release;
		};
/* End XCConfigurationList section */
	};
	rootObject = A2CB6EB42B5A78AD00A44004 /* Project object */;
}
